
Microsoft Visual Studio Solution File, Format Version 12.00
# Visual Studio Version 17
VisualStudioVersion = 17.0.31903.59
MinimumVisualStudioVersion = 10.0.40219.1
Project("{2150E333-8FDC-42A3-9474-1A3956D46DE8}") = "src", "src", "{827E0CD3-B72D-47B6-A68D-7590B98EB39B}"
EndProject
Project("{FAE04EC0-301F-11D3-BF4B-00C04F79EFBC}") = "TaskManager.Domain", "src\TaskManager.Domain\TaskManager.Domain.csproj", "{88491A2F-E60F-4922-830E-B376C36DF02B}"
EndProject
Project("{FAE04EC0-301F-11D3-BF4B-00C04F79EFBC}") = "TaskManager.Application", "src\TaskManager.Application\TaskManager.Application.csproj", "{43629F21-811E-460B-B3B1-3290B60BBFE5}"
EndProject
Project("{FAE04EC0-301F-11D3-BF4B-00C04F79EFBC}") = "TaskManager.Infrastructure", "src\TaskManager.Infrastructure\TaskManager.Infrastructure.csproj", "{FD394927-43FA-401A-9B21-4B807B1E1248}"
EndProject
Project("{FAE04EC0-301F-11D3-BF4B-00C04F79EFBC}") = "TaskManager.Api", "src\TaskManager.Api\TaskManager.Api.csproj", "{4728956C-433A-4811-8DF7-1A00BC857ECA}"
EndProject
Project("{FAE04EC0-301F-11D3-BF4B-00C04F79EFBC}") = "TaskManager.Shared", "src\TaskManager.Shared\TaskManager.Shared.csproj", "{07674B0C-F029-4A19-8A7E-681E5DF5B451}"
EndProject
Project("{FAE04EC0-301F-11D3-BF4B-00C04F79EFBC}") = "TaskManager.Maui", "src\TaskManager.Maui\TaskManager.Maui.csproj", "{7463C2D8-28EB-4B5D-B866-8028A7F089C9}"
EndProject
Global
	GlobalSection(SolutionConfigurationPlatforms) = preSolution
		Debug|Any CPU = Debug|Any CPU
		Debug|x64 = Debug|x64
		Debug|x86 = Debug|x86
		Release|Any CPU = Release|Any CPU
		Release|x64 = Release|x64
		Release|x86 = Release|x86
	EndGlobalSection
	GlobalSection(ProjectConfigurationPlatforms) = postSolution
		{88491A2F-E60F-4922-830E-B376C36DF02B}.Debug|Any CPU.ActiveCfg = Debug|Any CPU
		{88491A2F-E60F-4922-830E-B376C36DF02B}.Debug|Any CPU.Build.0 = Debug|Any CPU
		{88491A2F-E60F-4922-830E-B376C36DF02B}.Debug|x64.ActiveCfg = Debug|Any CPU
		{88491A2F-E60F-4922-830E-B376C36DF02B}.Debug|x64.Build.0 = Debug|Any CPU
		{88491A2F-E60F-4922-830E-B376C36DF02B}.Debug|x86.ActiveCfg = Debug|Any CPU
		{88491A2F-E60F-4922-830E-B376C36DF02B}.Debug|x86.Build.0 = Debug|Any CPU
		{88491A2F-E60F-4922-830E-B376C36DF02B}.Release|Any CPU.ActiveCfg = Release|Any CPU
		{88491A2F-E60F-4922-830E-B376C36DF02B}.Release|Any CPU.Build.0 = Release|Any CPU
		{88491A2F-E60F-4922-830E-B376C36DF02B}.Release|x64.ActiveCfg = Release|Any CPU
		{88491A2F-E60F-4922-830E-B376C36DF02B}.Release|x64.Build.0 = Release|Any CPU
		{88491A2F-E60F-4922-830E-B376C36DF02B}.Release|x86.ActiveCfg = Release|Any CPU
		{88491A2F-E60F-4922-830E-B376C36DF02B}.Release|x86.Build.0 = Release|Any CPU
		{43629F21-811E-460B-B3B1-3290B60BBFE5}.Debug|Any CPU.ActiveCfg = Debug|Any CPU
		{43629F21-811E-460B-B3B1-3290B60BBFE5}.Debug|Any CPU.Build.0 = Debug|Any CPU
		{43629F21-811E-460B-B3B1-3290B60BBFE5}.Debug|x64.ActiveCfg = Debug|Any CPU
		{43629F21-811E-460B-B3B1-3290B60BBFE5}.Debug|x64.Build.0 = Debug|Any CPU
		{43629F21-811E-460B-B3B1-3290B60BBFE5}.Debug|x86.ActiveCfg = Debug|Any CPU
		{43629F21-811E-460B-B3B1-3290B60BBFE5}.Debug|x86.Build.0 = Debug|Any CPU
		{43629F21-811E-460B-B3B1-3290B60BBFE5}.Release|Any CPU.ActiveCfg = Release|Any CPU
		{43629F21-811E-460B-B3B1-3290B60BBFE5}.Release|Any CPU.Build.0 = Release|Any CPU
		{43629F21-811E-460B-B3B1-3290B60BBFE5}.Release|x64.ActiveCfg = Release|Any CPU
		{43629F21-811E-460B-B3B1-3290B60BBFE5}.Release|x64.Build.0 = Release|Any CPU
		{43629F21-811E-460B-B3B1-3290B60BBFE5}.Release|x86.ActiveCfg = Release|Any CPU
		{43629F21-811E-460B-B3B1-3290B60BBFE5}.Release|x86.Build.0 = Release|Any CPU
		{FD394927-43FA-401A-9B21-4B807B1E1248}.Debug|Any CPU.ActiveCfg = Debug|Any CPU
		{FD394927-43FA-401A-9B21-4B807B1E1248}.Debug|Any CPU.Build.0 = Debug|Any CPU
		{FD394927-43FA-401A-9B21-4B807B1E1248}.Debug|x64.ActiveCfg = Debug|Any CPU
		{FD394927-43FA-401A-9B21-4B807B1E1248}.Debug|x64.Build.0 = Debug|Any CPU
		{FD394927-43FA-401A-9B21-4B807B1E1248}.Debug|x86.ActiveCfg = Debug|Any CPU
		{FD394927-43FA-401A-9B21-4B807B1E1248}.Debug|x86.Build.0 = Debug|Any CPU
		{FD394927-43FA-401A-9B21-4B807B1E1248}.Release|Any CPU.ActiveCfg = Release|Any CPU
		{FD394927-43FA-401A-9B21-4B807B1E1248}.Release|Any CPU.Build.0 = Release|Any CPU
		{FD394927-43FA-401A-9B21-4B807B1E1248}.Release|x64.ActiveCfg = Release|Any CPU
		{FD394927-43FA-401A-9B21-4B807B1E1248}.Release|x64.Build.0 = Release|Any CPU
		{FD394927-43FA-401A-9B21-4B807B1E1248}.Release|x86.ActiveCfg = Release|Any CPU
		{FD394927-43FA-401A-9B21-4B807B1E1248}.Release|x86.Build.0 = Release|Any CPU
		{4728956C-433A-4811-8DF7-1A00BC857ECA}.Debug|Any CPU.ActiveCfg = Debug|Any CPU
		{4728956C-433A-4811-8DF7-1A00BC857ECA}.Debug|Any CPU.Build.0 = Debug|Any CPU
		{4728956C-433A-4811-8DF7-1A00BC857ECA}.Debug|x64.ActiveCfg = Debug|Any CPU
		{4728956C-433A-4811-8DF7-1A00BC857ECA}.Debug|x64.Build.0 = Debug|Any CPU
		{4728956C-433A-4811-8DF7-1A00BC857ECA}.Debug|x86.ActiveCfg = Debug|Any CPU
		{4728956C-433A-4811-8DF7-1A00BC857ECA}.Debug|x86.Build.0 = Debug|Any CPU
		{4728956C-433A-4811-8DF7-1A00BC857ECA}.Release|Any CPU.ActiveCfg = Release|Any CPU
		{4728956C-433A-4811-8DF7-1A00BC857ECA}.Release|Any CPU.Build.0 = Release|Any CPU
		{4728956C-433A-4811-8DF7-1A00BC857ECA}.Release|x64.ActiveCfg = Release|Any CPU
		{4728956C-433A-4811-8DF7-1A00BC857ECA}.Release|x64.Build.0 = Release|Any CPU
		{4728956C-433A-4811-8DF7-1A00BC857ECA}.Release|x86.ActiveCfg = Release|Any CPU
		{4728956C-433A-4811-8DF7-1A00BC857ECA}.Release|x86.Build.0 = Release|Any CPU
		{07674B0C-F029-4A19-8A7E-681E5DF5B451}.Debug|Any CPU.ActiveCfg = Debug|Any CPU
		{07674B0C-F029-4A19-8A7E-681E5DF5B451}.Debug|Any CPU.Build.0 = Debug|Any CPU
		{07674B0C-F029-4A19-8A7E-681E5DF5B451}.Debug|x64.ActiveCfg = Debug|Any CPU
		{07674B0C-F029-4A19-8A7E-681E5DF5B451}.Debug|x64.Build.0 = Debug|Any CPU
		{07674B0C-F029-4A19-8A7E-681E5DF5B451}.Debug|x86.ActiveCfg = Debug|Any CPU
		{07674B0C-F029-4A19-8A7E-681E5DF5B451}.Debug|x86.Build.0 = Debug|Any CPU
		{07674B0C-F029-4A19-8A7E-681E5DF5B451}.Release|Any CPU.ActiveCfg = Release|Any CPU
		{07674B0C-F029-4A19-8A7E-681E5DF5B451}.Release|Any CPU.Build.0 = Release|Any CPU
		{07674B0C-F029-4A19-8A7E-681E5DF5B451}.Release|x64.ActiveCfg = Release|Any CPU
		{07674B0C-F029-4A19-8A7E-681E5DF5B451}.Release|x64.Build.0 = Release|Any CPU
		{07674B0C-F029-4A19-8A7E-681E5DF5B451}.Release|x86.ActiveCfg = Release|Any CPU
		{07674B0C-F029-4A19-8A7E-681E5DF5B451}.Release|x86.Build.0 = Release|Any CPU
		{7463C2D8-28EB-4B5D-B866-8028A7F089C9}.Debug|Any CPU.ActiveCfg = Debug|Any CPU
		{7463C2D8-28EB-4B5D-B866-8028A7F089C9}.Debug|Any CPU.Build.0 = Debug|Any CPU
		{7463C2D8-28EB-4B5D-B866-8028A7F089C9}.Debug|x64.ActiveCfg = Debug|Any CPU
		{7463C2D8-28EB-4B5D-B866-8028A7F089C9}.Debug|x64.Build.0 = Debug|Any CPU
		{7463C2D8-28EB-4B5D-B866-8028A7F089C9}.Debug|x86.ActiveCfg = Debug|Any CPU
		{7463C2D8-28EB-4B5D-B866-8028A7F089C9}.Debug|x86.Build.0 = Debug|Any CPU
		{7463C2D8-28EB-4B5D-B866-8028A7F089C9}.Release|Any CPU.ActiveCfg = Release|Any CPU
		{7463C2D8-28EB-4B5D-B866-8028A7F089C9}.Release|Any CPU.Build.0 = Release|Any CPU
		{7463C2D8-28EB-4B5D-B866-8028A7F089C9}.Release|x64.ActiveCfg = Release|Any CPU
		{7463C2D8-28EB-4B5D-B866-8028A7F089C9}.Release|x64.Build.0 = Release|Any CPU
		{7463C2D8-28EB-4B5D-B866-8028A7F089C9}.Release|x86.ActiveCfg = Release|Any CPU
		{7463C2D8-28EB-4B5D-B866-8028A7F089C9}.Release|x86.Build.0 = Release|Any CPU
	EndGlobalSection
	GlobalSection(SolutionProperties) = preSolution
		HideSolutionNode = FALSE
	EndGlobalSection
	GlobalSection(NestedProjects) = preSolution
		{88491A2F-E60F-4922-830E-B376C36DF02B} = {827E0CD3-B72D-47B6-A68D-7590B98EB39B}
		{43629F21-811E-460B-B3B1-3290B60BBFE5} = {827E0CD3-B72D-47B6-A68D-7590B98EB39B}
		{FD394927-43FA-401A-9B21-4B807B1E1248} = {827E0CD3-B72D-47B6-A68D-7590B98EB39B}
		{4728956C-433A-4811-8DF7-1A00BC857ECA} = {827E0CD3-B72D-47B6-A68D-7590B98EB39B}
		{07674B0C-F029-4A19-8A7E-681E5DF5B451} = {827E0CD3-B72D-47B6-A68D-7590B98EB39B}
		{7463C2D8-28EB-4B5D-B866-8028A7F089C9} = {827E0CD3-B72D-47B6-A68D-7590B98EB39B}
	EndGlobalSection
EndGlobal
